
Microsoft Visual Studio Solution File, Format Version 12.00
# Visual Studio 15
VisualStudioVersion = 15.0.27004.2009
MinimumVisualStudioVersion = 10.0.40219.1
Project("{FAE04EC0-301F-11D3-BF4B-00C04F79EFBC}") = "_101_2.Android", "101-2\_101_2.Android\_101_2.Android.csproj", "{3A3E57D7-BA46-451D-A3E6-8B4750F7BE14}"
EndProject
Project("{FAE04EC0-301F-11D3-BF4B-00C04F79EFBC}") = "_101_2", "101-2\_101_2\_101_2.csproj", "{AE91FAAD-F08A-4393-870E-2B8858C74414}"
EndProject
Project("{FAE04EC0-301F-11D3-BF4B-00C04F79EFBC}") = "_101_2.UWP", "101-2\_101_2.UWP\_101_2.UWP.csproj", "{1E7810FC-D518-49DC-AB33-AF3376EA98FF}"
EndProject
Project("{FAE04EC0-301F-11D3-BF4B-00C04F79EFBC}") = "_101_2.iOS", "101-2\_101_2.iOS\_101_2.iOS.csproj", "{8DFFD3C4-C85C-48E4-A022-D5D0623BBB5E}"
EndProject
Global
	GlobalSection(SolutionConfigurationPlatforms) = preSolution
		Ad-Hoc|Any CPU = Ad-Hoc|Any CPU
		Ad-Hoc|ARM = Ad-Hoc|ARM
		Ad-Hoc|iPhone = Ad-Hoc|iPhone
		Ad-Hoc|iPhoneSimulator = Ad-Hoc|iPhoneSimulator
		Ad-Hoc|x64 = Ad-Hoc|x64
		Ad-Hoc|x86 = Ad-Hoc|x86
		AppStore|Any CPU = AppStore|Any CPU
		AppStore|ARM = AppStore|ARM
		AppStore|iPhone = AppStore|iPhone
		AppStore|iPhoneSimulator = AppStore|iPhoneSimulator
		AppStore|x64 = AppStore|x64
		AppStore|x86 = AppStore|x86
		Debug|Any CPU = Debug|Any CPU
		Debug|ARM = Debug|ARM
		Debug|iPhone = Debug|iPhone
		Debug|iPhoneSimulator = Debug|iPhoneSimulator
		Debug|x64 = Debug|x64
		Debug|x86 = Debug|x86
		Release|Any CPU = Release|Any CPU
		Release|ARM = Release|ARM
		Release|iPhone = Release|iPhone
		Release|iPhoneSimulator = Release|iPhoneSimulator
		Release|x64 = Release|x64
		Release|x86 = Release|x86
	EndGlobalSection
	GlobalSection(ProjectConfigurationPlatforms) = postSolution
		{3A3E57D7-BA46-451D-A3E6-8B4750F7BE14}.Ad-Hoc|Any CPU.ActiveCfg = Release|Any CPU
		{3A3E57D7-BA46-451D-A3E6-8B4750F7BE14}.Ad-Hoc|Any CPU.Build.0 = Release|Any CPU
		{3A3E57D7-BA46-451D-A3E6-8B4750F7BE14}.Ad-Hoc|Any CPU.Deploy.0 = Release|Any CPU
		{3A3E57D7-BA46-451D-A3E6-8B4750F7BE14}.Ad-Hoc|ARM.ActiveCfg = Release|Any CPU
		{3A3E57D7-BA46-451D-A3E6-8B4750F7BE14}.Ad-Hoc|ARM.Build.0 = Release|Any CPU
		{3A3E57D7-BA46-451D-A3E6-8B4750F7BE14}.Ad-Hoc|ARM.Deploy.0 = Release|Any CPU
		{3A3E57D7-BA46-451D-A3E6-8B4750F7BE14}.Ad-Hoc|iPhone.ActiveCfg = Release|Any CPU
		{3A3E57D7-BA46-451D-A3E6-8B4750F7BE14}.Ad-Hoc|iPhone.Build.0 = Release|Any CPU
		{3A3E57D7-BA46-451D-A3E6-8B4750F7BE14}.Ad-Hoc|iPhone.Deploy.0 = Release|Any CPU
		{3A3E57D7-BA46-451D-A3E6-8B4750F7BE14}.Ad-Hoc|iPhoneSimulator.ActiveCfg = Release|Any CPU
		{3A3E57D7-BA46-451D-A3E6-8B4750F7BE14}.Ad-Hoc|iPhoneSimulator.Build.0 = Release|Any CPU
		{3A3E57D7-BA46-451D-A3E6-8B4750F7BE14}.Ad-Hoc|iPhoneSimulator.Deploy.0 = Release|Any CPU
		{3A3E57D7-BA46-451D-A3E6-8B4750F7BE14}.Ad-Hoc|x64.ActiveCfg = Release|Any CPU
		{3A3E57D7-BA46-451D-A3E6-8B4750F7BE14}.Ad-Hoc|x64.Build.0 = Release|Any CPU
		{3A3E57D7-BA46-451D-A3E6-8B4750F7BE14}.Ad-Hoc|x64.Deploy.0 = Release|Any CPU
		{3A3E57D7-BA46-451D-A3E6-8B4750F7BE14}.Ad-Hoc|x86.ActiveCfg = Release|Any CPU
		{3A3E57D7-BA46-451D-A3E6-8B4750F7BE14}.Ad-Hoc|x86.Build.0 = Release|Any CPU
		{3A3E57D7-BA46-451D-A3E6-8B4750F7BE14}.Ad-Hoc|x86.Deploy.0 = Release|Any CPU
		{3A3E57D7-BA46-451D-A3E6-8B4750F7BE14}.AppStore|Any CPU.ActiveCfg = Release|Any CPU
		{3A3E57D7-BA46-451D-A3E6-8B4750F7BE14}.AppStore|Any CPU.Build.0 = Release|Any CPU
		{3A3E57D7-BA46-451D-A3E6-8B4750F7BE14}.AppStore|Any CPU.Deploy.0 = Release|Any CPU
		{3A3E57D7-BA46-451D-A3E6-8B4750F7BE14}.AppStore|ARM.ActiveCfg = Release|Any CPU
		{3A3E57D7-BA46-451D-A3E6-8B4750F7BE14}.AppStore|ARM.Build.0 = Release|Any CPU
		{3A3E57D7-BA46-451D-A3E6-8B4750F7BE14}.AppStore|ARM.Deploy.0 = Release|Any CPU
		{3A3E57D7-BA46-451D-A3E6-8B4750F7BE14}.AppStore|iPhone.ActiveCfg = Release|Any CPU
		{3A3E57D7-BA46-451D-A3E6-8B4750F7BE14}.AppStore|iPhone.Build.0 = Release|Any CPU
		{3A3E57D7-BA46-451D-A3E6-8B4750F7BE14}.AppStore|iPhone.Deploy.0 = Release|Any CPU
		{3A3E57D7-BA46-451D-A3E6-8B4750F7BE14}.AppStore|iPhoneSimulator.ActiveCfg = Release|Any CPU
		{3A3E57D7-BA46-451D-A3E6-8B4750F7BE14}.AppStore|iPhoneSimulator.Build.0 = Release|Any CPU
		{3A3E57D7-BA46-451D-A3E6-8B4750F7BE14}.AppStore|iPhoneSimulator.Deploy.0 = Release|Any CPU
		{3A3E57D7-BA46-451D-A3E6-8B4750F7BE14}.AppStore|x64.ActiveCfg = Release|Any CPU
		{3A3E57D7-BA46-451D-A3E6-8B4750F7BE14}.AppStore|x64.Build.0 = Release|Any CPU
		{3A3E57D7-BA46-451D-A3E6-8B4750F7BE14}.AppStore|x64.Deploy.0 = Release|Any CPU
		{3A3E57D7-BA46-451D-A3E6-8B4750F7BE14}.AppStore|x86.ActiveCfg = Release|Any CPU
		{3A3E57D7-BA46-451D-A3E6-8B4750F7BE14}.AppStore|x86.Build.0 = Release|Any CPU
		{3A3E57D7-BA46-451D-A3E6-8B4750F7BE14}.AppStore|x86.Deploy.0 = Release|Any CPU
		{3A3E57D7-BA46-451D-A3E6-8B4750F7BE14}.Debug|Any CPU.ActiveCfg = Debug|Any CPU
		{3A3E57D7-BA46-451D-A3E6-8B4750F7BE14}.Debug|Any CPU.Build.0 = Debug|Any CPU
		{3A3E57D7-BA46-451D-A3E6-8B4750F7BE14}.Debug|Any CPU.Deploy.0 = Debug|Any CPU
		{3A3E57D7-BA46-451D-A3E6-8B4750F7BE14}.Debug|ARM.ActiveCfg = Debug|Any CPU
		{3A3E57D7-BA46-451D-A3E6-8B4750F7BE14}.Debug|ARM.Build.0 = Debug|Any CPU
		{3A3E57D7-BA46-451D-A3E6-8B4750F7BE14}.Debug|ARM.Deploy.0 = Debug|Any CPU
		{3A3E57D7-BA46-451D-A3E6-8B4750F7BE14}.Debug|iPhone.ActiveCfg = Debug|Any CPU
		{3A3E57D7-BA46-451D-A3E6-8B4750F7BE14}.Debug|iPhone.Build.0 = Debug|Any CPU
		{3A3E57D7-BA46-451D-A3E6-8B4750F7BE14}.Debug|iPhone.Deploy.0 = Debug|Any CPU
		{3A3E57D7-BA46-451D-A3E6-8B4750F7BE14}.Debug|iPhoneSimulator.ActiveCfg = Debug|Any CPU
		{3A3E57D7-BA46-451D-A3E6-8B4750F7BE14}.Debug|iPhoneSimulator.Build.0 = Debug|Any CPU
		{3A3E57D7-BA46-451D-A3E6-8B4750F7BE14}.Debug|iPhoneSimulator.Deploy.0 = Debug|Any CPU
		{3A3E57D7-BA46-451D-A3E6-8B4750F7BE14}.Debug|x64.ActiveCfg = Debug|Any CPU
		{3A3E57D7-BA46-451D-A3E6-8B4750F7BE14}.Debug|x64.Build.0 = Debug|Any CPU
		{3A3E57D7-BA46-451D-A3E6-8B4750F7BE14}.Debug|x64.Deploy.0 = Debug|Any CPU
		{3A3E57D7-BA46-451D-A3E6-8B4750F7BE14}.Debug|x86.ActiveCfg = Debug|Any CPU
		{3A3E57D7-BA46-451D-A3E6-8B4750F7BE14}.Debug|x86.Build.0 = Debug|Any CPU
		{3A3E57D7-BA46-451D-A3E6-8B4750F7BE14}.Debug|x86.Deploy.0 = Debug|Any CPU
		{3A3E57D7-BA46-451D-A3E6-8B4750F7BE14}.Release|Any CPU.ActiveCfg = Release|Any CPU
		{3A3E57D7-BA46-451D-A3E6-8B4750F7BE14}.Release|Any CPU.Build.0 = Release|Any CPU
		{3A3E57D7-BA46-451D-A3E6-8B4750F7BE14}.Release|Any CPU.Deploy.0 = Release|Any CPU
		{3A3E57D7-BA46-451D-A3E6-8B4750F7BE14}.Release|ARM.ActiveCfg = Release|Any CPU
		{3A3E57D7-BA46-451D-A3E6-8B4750F7BE14}.Release|ARM.Build.0 = Release|Any CPU
		{3A3E57D7-BA46-451D-A3E6-8B4750F7BE14}.Release|ARM.Deploy.0 = Release|Any CPU
		{3A3E57D7-BA46-451D-A3E6-8B4750F7BE14}.Release|iPhone.ActiveCfg = Release|Any CPU
		{3A3E57D7-BA46-451D-A3E6-8B4750F7BE14}.Release|iPhone.Build.0 = Release|Any CPU
		{3A3E57D7-BA46-451D-A3E6-8B4750F7BE14}.Release|iPhone.Deploy.0 = Release|Any CPU
		{3A3E57D7-BA46-451D-A3E6-8B4750F7BE14}.Release|iPhoneSimulator.ActiveCfg = Release|Any CPU
		{3A3E57D7-BA46-451D-A3E6-8B4750F7BE14}.Release|iPhoneSimulator.Build.0 = Release|Any CPU
		{3A3E57D7-BA46-451D-A3E6-8B4750F7BE14}.Release|iPhoneSimulator.Deploy.0 = Release|Any CPU
		{3A3E57D7-BA46-451D-A3E6-8B4750F7BE14}.Release|x64.ActiveCfg = Release|Any CPU
		{3A3E57D7-BA46-451D-A3E6-8B4750F7BE14}.Release|x64.Build.0 = Release|Any CPU
		{3A3E57D7-BA46-451D-A3E6-8B4750F7BE14}.Release|x64.Deploy.0 = Release|Any CPU
		{3A3E57D7-BA46-451D-A3E6-8B4750F7BE14}.Release|x86.ActiveCfg = Release|Any CPU
		{3A3E57D7-BA46-451D-A3E6-8B4750F7BE14}.Release|x86.Build.0 = Release|Any CPU
		{3A3E57D7-BA46-451D-A3E6-8B4750F7BE14}.Release|x86.Deploy.0 = Release|Any CPU
		{AE91FAAD-F08A-4393-870E-2B8858C74414}.Ad-Hoc|Any CPU.ActiveCfg = Release|Any CPU
		{AE91FAAD-F08A-4393-870E-2B8858C74414}.Ad-Hoc|Any CPU.Build.0 = Release|Any CPU
		{AE91FAAD-F08A-4393-870E-2B8858C74414}.Ad-Hoc|ARM.ActiveCfg = Release|Any CPU
		{AE91FAAD-F08A-4393-870E-2B8858C74414}.Ad-Hoc|ARM.Build.0 = Release|Any CPU
		{AE91FAAD-F08A-4393-870E-2B8858C74414}.Ad-Hoc|iPhone.ActiveCfg = Release|Any CPU
		{AE91FAAD-F08A-4393-870E-2B8858C74414}.Ad-Hoc|iPhone.Build.0 = Release|Any CPU
		{AE91FAAD-F08A-4393-870E-2B8858C74414}.Ad-Hoc|iPhoneSimulator.ActiveCfg = Release|Any CPU
		{AE91FAAD-F08A-4393-870E-2B8858C74414}.Ad-Hoc|iPhoneSimulator.Build.0 = Release|Any CPU
		{AE91FAAD-F08A-4393-870E-2B8858C74414}.Ad-Hoc|x64.ActiveCfg = Release|Any CPU
		{AE91FAAD-F08A-4393-870E-2B8858C74414}.Ad-Hoc|x64.Build.0 = Release|Any CPU
		{AE91FAAD-F08A-4393-870E-2B8858C74414}.Ad-Hoc|x86.ActiveCfg = Release|Any CPU
		{AE91FAAD-F08A-4393-870E-2B8858C74414}.Ad-Hoc|x86.Build.0 = Release|Any CPU
		{AE91FAAD-F08A-4393-870E-2B8858C74414}.AppStore|Any CPU.ActiveCfg = Release|Any CPU
		{AE91FAAD-F08A-4393-870E-2B8858C74414}.AppStore|Any CPU.Build.0 = Release|Any CPU
		{AE91FAAD-F08A-4393-870E-2B8858C74414}.AppStore|ARM.ActiveCfg = Release|Any CPU
		{AE91FAAD-F08A-4393-870E-2B8858C74414}.AppStore|ARM.Build.0 = Release|Any CPU
		{AE91FAAD-F08A-4393-870E-2B8858C74414}.AppStore|iPhone.ActiveCfg = Release|Any CPU
		{AE91FAAD-F08A-4393-870E-2B8858C74414}.AppStore|iPhone.Build.0 = Release|Any CPU
		{AE91FAAD-F08A-4393-870E-2B8858C74414}.AppStore|iPhoneSimulator.ActiveCfg = Release|Any CPU
		{AE91FAAD-F08A-4393-870E-2B8858C74414}.AppStore|iPhoneSimulator.Build.0 = Release|Any CPU
		{AE91FAAD-F08A-4393-870E-2B8858C74414}.AppStore|x64.ActiveCfg = Release|Any CPU
		{AE91FAAD-F08A-4393-870E-2B8858C74414}.AppStore|x64.Build.0 = Release|Any CPU
		{AE91FAAD-F08A-4393-870E-2B8858C74414}.AppStore|x86.ActiveCfg = Release|Any CPU
		{AE91FAAD-F08A-4393-870E-2B8858C74414}.AppStore|x86.Build.0 = Release|Any CPU
		{AE91FAAD-F08A-4393-870E-2B8858C74414}.Debug|Any CPU.ActiveCfg = Debug|Any CPU
		{AE91FAAD-F08A-4393-870E-2B8858C74414}.Debug|Any CPU.Build.0 = Debug|Any CPU
		{AE91FAAD-F08A-4393-870E-2B8858C74414}.Debug|ARM.ActiveCfg = Debug|Any CPU
		{AE91FAAD-F08A-4393-870E-2B8858C74414}.Debug|ARM.Build.0 = Debug|Any CPU
		{AE91FAAD-F08A-4393-870E-2B8858C74414}.Debug|iPhone.ActiveCfg = Debug|Any CPU
		{AE91FAAD-F08A-4393-870E-2B8858C74414}.Debug|iPhone.Build.0 = Debug|Any CPU
		{AE91FAAD-F08A-4393-870E-2B8858C74414}.Debug|iPhoneSimulator.ActiveCfg = Debug|Any CPU
		{AE91FAAD-F08A-4393-870E-2B8858C74414}.Debug|iPhoneSimulator.Build.0 = Debug|Any CPU
		{AE91FAAD-F08A-4393-870E-2B8858C74414}.Debug|x64.ActiveCfg = Debug|Any CPU
		{AE91FAAD-F08A-4393-870E-2B8858C74414}.Debug|x64.Build.0 = Debug|Any CPU
		{AE91FAAD-F08A-4393-870E-2B8858C74414}.Debug|x86.ActiveCfg = Debug|Any CPU
		{AE91FAAD-F08A-4393-870E-2B8858C74414}.Debug|x86.Build.0 = Debug|Any CPU
		{AE91FAAD-F08A-4393-870E-2B8858C74414}.Release|Any CPU.ActiveCfg = Release|Any CPU
		{AE91FAAD-F08A-4393-870E-2B8858C74414}.Release|Any CPU.Build.0 = Release|Any CPU
		{AE91FAAD-F08A-4393-870E-2B8858C74414}.Release|ARM.ActiveCfg = Release|Any CPU
		{AE91FAAD-F08A-4393-870E-2B8858C74414}.Release|ARM.Build.0 = Release|Any CPU
		{AE91FAAD-F08A-4393-870E-2B8858C74414}.Release|iPhone.ActiveCfg = Release|Any CPU
		{AE91FAAD-F08A-4393-870E-2B8858C74414}.Release|iPhone.Build.0 = Release|Any CPU
		{AE91FAAD-F08A-4393-870E-2B8858C74414}.Release|iPhoneSimulator.ActiveCfg = Release|Any CPU
		{AE91FAAD-F08A-4393-870E-2B8858C74414}.Release|iPhoneSimulator.Build.0 = Release|Any CPU
		{AE91FAAD-F08A-4393-870E-2B8858C74414}.Release|x64.ActiveCfg = Release|Any CPU
		{AE91FAAD-F08A-4393-870E-2B8858C74414}.Release|x64.Build.0 = Release|Any CPU
		{AE91FAAD-F08A-4393-870E-2B8858C74414}.Release|x86.ActiveCfg = Release|Any CPU
		{AE91FAAD-F08A-4393-870E-2B8858C74414}.Release|x86.Build.0 = Release|Any CPU
		{1E7810FC-D518-49DC-AB33-AF3376EA98FF}.Ad-Hoc|Any CPU.ActiveCfg = Release|x86
		{1E7810FC-D518-49DC-AB33-AF3376EA98FF}.Ad-Hoc|Any CPU.Build.0 = Release|x86
		{1E7810FC-D518-49DC-AB33-AF3376EA98FF}.Ad-Hoc|Any CPU.Deploy.0 = Release|x86
		{1E7810FC-D518-49DC-AB33-AF3376EA98FF}.Ad-Hoc|ARM.ActiveCfg = Release|ARM
		{1E7810FC-D518-49DC-AB33-AF3376EA98FF}.Ad-Hoc|ARM.Build.0 = Release|ARM
		{1E7810FC-D518-49DC-AB33-AF3376EA98FF}.Ad-Hoc|ARM.Deploy.0 = Release|ARM
		{1E7810FC-D518-49DC-AB33-AF3376EA98FF}.Ad-Hoc|iPhone.ActiveCfg = Release|x86
		{1E7810FC-D518-49DC-AB33-AF3376EA98FF}.Ad-Hoc|iPhone.Build.0 = Release|x86
		{1E7810FC-D518-49DC-AB33-AF3376EA98FF}.Ad-Hoc|iPhone.Deploy.0 = Release|x86
		{1E7810FC-D518-49DC-AB33-AF3376EA98FF}.Ad-Hoc|iPhoneSimulator.ActiveCfg = Release|x86
		{1E7810FC-D518-49DC-AB33-AF3376EA98FF}.Ad-Hoc|iPhoneSimulator.Build.0 = Release|x86
		{1E7810FC-D518-49DC-AB33-AF3376EA98FF}.Ad-Hoc|iPhoneSimulator.Deploy.0 = Release|x86
		{1E7810FC-D518-49DC-AB33-AF3376EA98FF}.Ad-Hoc|x64.ActiveCfg = Release|x64
		{1E7810FC-D518-49DC-AB33-AF3376EA98FF}.Ad-Hoc|x64.Build.0 = Release|x64
		{1E7810FC-D518-49DC-AB33-AF3376EA98FF}.Ad-Hoc|x64.Deploy.0 = Release|x64
		{1E7810FC-D518-49DC-AB33-AF3376EA98FF}.Ad-Hoc|x86.ActiveCfg = Release|x86
		{1E7810FC-D518-49DC-AB33-AF3376EA98FF}.Ad-Hoc|x86.Build.0 = Release|x86
		{1E7810FC-D518-49DC-AB33-AF3376EA98FF}.Ad-Hoc|x86.Deploy.0 = Release|x86
		{1E7810FC-D518-49DC-AB33-AF3376EA98FF}.AppStore|Any CPU.ActiveCfg = Release|x86
		{1E7810FC-D518-49DC-AB33-AF3376EA98FF}.AppStore|Any CPU.Build.0 = Release|x86
		{1E7810FC-D518-49DC-AB33-AF3376EA98FF}.AppStore|Any CPU.Deploy.0 = Release|x86
		{1E7810FC-D518-49DC-AB33-AF3376EA98FF}.AppStore|ARM.ActiveCfg = Release|ARM
		{1E7810FC-D518-49DC-AB33-AF3376EA98FF}.AppStore|ARM.Build.0 = Release|ARM
		{1E7810FC-D518-49DC-AB33-AF3376EA98FF}.AppStore|ARM.Deploy.0 = Release|ARM
		{1E7810FC-D518-49DC-AB33-AF3376EA98FF}.AppStore|iPhone.ActiveCfg = Release|x86
		{1E7810FC-D518-49DC-AB33-AF3376EA98FF}.AppStore|iPhone.Build.0 = Release|x86
		{1E7810FC-D518-49DC-AB33-AF3376EA98FF}.AppStore|iPhone.Deploy.0 = Release|x86
		{1E7810FC-D518-49DC-AB33-AF3376EA98FF}.AppStore|iPhoneSimulator.ActiveCfg = Release|x86
		{1E7810FC-D518-49DC-AB33-AF3376EA98FF}.AppStore|iPhoneSimulator.Build.0 = Release|x86
		{1E7810FC-D518-49DC-AB33-AF3376EA98FF}.AppStore|iPhoneSimulator.Deploy.0 = Release|x86
		{1E7810FC-D518-49DC-AB33-AF3376EA98FF}.AppStore|x64.ActiveCfg = Release|x64
		{1E7810FC-D518-49DC-AB33-AF3376EA98FF}.AppStore|x64.Build.0 = Release|x64
		{1E7810FC-D518-49DC-AB33-AF3376EA98FF}.AppStore|x64.Deploy.0 = Release|x64
		{1E7810FC-D518-49DC-AB33-AF3376EA98FF}.AppStore|x86.ActiveCfg = Release|x86
		{1E7810FC-D518-49DC-AB33-AF3376EA98FF}.AppStore|x86.Build.0 = Release|x86
		{1E7810FC-D518-49DC-AB33-AF3376EA98FF}.AppStore|x86.Deploy.0 = Release|x86
		{1E7810FC-D518-49DC-AB33-AF3376EA98FF}.Debug|Any CPU.ActiveCfg = Debug|x86
		{1E7810FC-D518-49DC-AB33-AF3376EA98FF}.Debug|ARM.ActiveCfg = Debug|ARM
		{1E7810FC-D518-49DC-AB33-AF3376EA98FF}.Debug|ARM.Build.0 = Debug|ARM
		{1E7810FC-D518-49DC-AB33-AF3376EA98FF}.Debug|ARM.Deploy.0 = Debug|ARM
		{1E7810FC-D518-49DC-AB33-AF3376EA98FF}.Debug|iPhone.ActiveCfg = Debug|x86
		{1E7810FC-D518-49DC-AB33-AF3376EA98FF}.Debug|iPhoneSimulator.ActiveCfg = Debug|x86
		{1E7810FC-D518-49DC-AB33-AF3376EA98FF}.Debug|x64.ActiveCfg = Debug|x64
		{1E7810FC-D518-49DC-AB33-AF3376EA98FF}.Debug|x64.Build.0 = Debug|x64
		{1E7810FC-D518-49DC-AB33-AF3376EA98FF}.Debug|x64.Deploy.0 = Debug|x64
		{1E7810FC-D518-49DC-AB33-AF3376EA98FF}.Debug|x86.ActiveCfg = Debug|x86
		{1E7810FC-D518-49DC-AB33-AF3376EA98FF}.Debug|x86.Build.0 = Debug|x86
		{1E7810FC-D518-49DC-AB33-AF3376EA98FF}.Debug|x86.Deploy.0 = Debug|x86
		{1E7810FC-D518-49DC-AB33-AF3376EA98FF}.Release|Any CPU.ActiveCfg = Release|x86
		{1E7810FC-D518-49DC-AB33-AF3376EA98FF}.Release|ARM.ActiveCfg = Release|ARM
		{1E7810FC-D518-49DC-AB33-AF3376EA98FF}.Release|ARM.Build.0 = Release|ARM
		{1E7810FC-D518-49DC-AB33-AF3376EA98FF}.Release|ARM.Deploy.0 = Release|ARM
		{1E7810FC-D518-49DC-AB33-AF3376EA98FF}.Release|iPhone.ActiveCfg = Release|x86
		{1E7810FC-D518-49DC-AB33-AF3376EA98FF}.Release|iPhoneSimulator.ActiveCfg = Release|x86
		{1E7810FC-D518-49DC-AB33-AF3376EA98FF}.Release|x64.ActiveCfg = Release|x64
		{1E7810FC-D518-49DC-AB33-AF3376EA98FF}.Release|x64.Build.0 = Release|x64
		{1E7810FC-D518-49DC-AB33-AF3376EA98FF}.Release|x64.Deploy.0 = Release|x64
		{1E7810FC-D518-49DC-AB33-AF3376EA98FF}.Release|x86.ActiveCfg = Release|x86
		{1E7810FC-D518-49DC-AB33-AF3376EA98FF}.Release|x86.Build.0 = Release|x86
		{1E7810FC-D518-49DC-AB33-AF3376EA98FF}.Release|x86.Deploy.0 = Release|x86
		{8DFFD3C4-C85C-48E4-A022-D5D0623BBB5E}.Ad-Hoc|Any CPU.ActiveCfg = Ad-Hoc|iPhoneSimulator
		{8DFFD3C4-C85C-48E4-A022-D5D0623BBB5E}.Ad-Hoc|ARM.ActiveCfg = Ad-Hoc|iPhone
		{8DFFD3C4-C85C-48E4-A022-D5D0623BBB5E}.Ad-Hoc|iPhone.ActiveCfg = Ad-Hoc|iPhone
		{8DFFD3C4-C85C-48E4-A022-D5D0623BBB5E}.Ad-Hoc|iPhone.Build.0 = Ad-Hoc|iPhone
		{8DFFD3C4-C85C-48E4-A022-D5D0623BBB5E}.Ad-Hoc|iPhoneSimulator.ActiveCfg = Ad-Hoc|iPhoneSimulator
		{8DFFD3C4-C85C-48E4-A022-D5D0623BBB5E}.Ad-Hoc|iPhoneSimulator.Build.0 = Ad-Hoc|iPhoneSimulator
		{8DFFD3C4-C85C-48E4-A022-D5D0623BBB5E}.Ad-Hoc|x64.ActiveCfg = Ad-Hoc|iPhone
		{8DFFD3C4-C85C-48E4-A022-D5D0623BBB5E}.Ad-Hoc|x86.ActiveCfg = Ad-Hoc|iPhone
		{8DFFD3C4-C85C-48E4-A022-D5D0623BBB5E}.AppStore|Any CPU.ActiveCfg = AppStore|iPhoneSimulator
		{8DFFD3C4-C85C-48E4-A022-D5D0623BBB5E}.AppStore|ARM.ActiveCfg = AppStore|iPhone
		{8DFFD3C4-C85C-48E4-A022-D5D0623BBB5E}.AppStore|iPhone.ActiveCfg = AppStore|iPhone
		{8DFFD3C4-C85C-48E4-A022-D5D0623BBB5E}.AppStore|iPhone.Build.0 = AppStore|iPhone
		{8DFFD3C4-C85C-48E4-A022-D5D0623BBB5E}.AppStore|iPhoneSimulator.ActiveCfg = AppStore|iPhoneSimulator
		{8DFFD3C4-C85C-48E4-A022-D5D0623BBB5E}.AppStore|iPhoneSimulator.Build.0 = AppStore|iPhoneSimulator
		{8DFFD3C4-C85C-48E4-A022-D5D0623BBB5E}.AppStore|x64.ActiveCfg = AppStore|iPhone
		{8DFFD3C4-C85C-48E4-A022-D5D0623BBB5E}.AppStore|x86.ActiveCfg = AppStore|iPhone
		{8DFFD3C4-C85C-48E4-A022-D5D0623BBB5E}.Debug|Any CPU.ActiveCfg = Debug|iPhoneSimulator
		{8DFFD3C4-C85C-48E4-A022-D5D0623BBB5E}.Debug|ARM.ActiveCfg = Debug|iPhone
		{8DFFD3C4-C85C-48E4-A022-D5D0623BBB5E}.Debug|iPhone.ActiveCfg = Debug|iPhone
		{8DFFD3C4-C85C-48E4-A022-D5D0623BBB5E}.Debug|iPhone.Build.0 = Debug|iPhone
		{8DFFD3C4-C85C-48E4-A022-D5D0623BBB5E}.Debug|iPhoneSimulator.ActiveCfg = Debug|iPhoneSimulator
		{8DFFD3C4-C85C-48E4-A022-D5D0623BBB5E}.Debug|iPhoneSimulator.Build.0 = Debug|iPhoneSimulator
		{8DFFD3C4-C85C-48E4-A022-D5D0623BBB5E}.Debug|x64.ActiveCfg = Debug|iPhone
		{8DFFD3C4-C85C-48E4-A022-D5D0623BBB5E}.Debug|x86.ActiveCfg = Debug|iPhone
		{8DFFD3C4-C85C-48E4-A022-D5D0623BBB5E}.Release|Any CPU.ActiveCfg = Release|iPhoneSimulator
		{8DFFD3C4-C85C-48E4-A022-D5D0623BBB5E}.Release|ARM.ActiveCfg = Release|iPhone
		{8DFFD3C4-C85C-48E4-A022-D5D0623BBB5E}.Release|iPhone.ActiveCfg = Release|iPhone
		{8DFFD3C4-C85C-48E4-A022-D5D0623BBB5E}.Release|iPhone.Build.0 = Release|iPhone
		{8DFFD3C4-C85C-48E4-A022-D5D0623BBB5E}.Release|iPhoneSimulator.ActiveCfg = Release|iPhoneSimulator
		{8DFFD3C4-C85C-48E4-A022-D5D0623BBB5E}.Release|iPhoneSimulator.Build.0 = Release|iPhoneSimulator
		{8DFFD3C4-C85C-48E4-A022-D5D0623BBB5E}.Release|x64.ActiveCfg = Release|iPhone
		{8DFFD3C4-C85C-48E4-A022-D5D0623BBB5E}.Release|x86.ActiveCfg = Release|iPhone
	EndGlobalSection
	GlobalSection(SolutionProperties) = preSolution
		HideSolutionNode = FALSE
	EndGlobalSection
	GlobalSection(ExtensibilityGlobals) = postSolution
		SolutionGuid = {72D6D22C-5235-4261-9753-85769B52AC7B}
	EndGlobalSection
EndGlobal
